// !$*UTF8*$!
{
	archiveVersion = 1;
	classes = {
	};
	objectVersion = 56;
	objects = {

/* Begin PBXBuildFile section */
		C208A1E22BC862790011AAD4 /* .gitignore in Resources */ = {isa = PBXBuildFile; fileRef = C208A1E12BC862790011AAD4 /* .gitignore */; };
		C23384202B72D87300D1F7FC /* MainTabBarViewController.swift in Sources */ = {isa = PBXBuildFile; fileRef = C233841F2B72D87300D1F7FC /* MainTabBarViewController.swift */; };
		C23469682BA8F42A004EEEFD /* Extensions.swift in Sources */ = {isa = PBXBuildFile; fileRef = C23469672BA8F42A004EEEFD /* Extensions.swift */; };
		C259CD7D2B8F8DCB00A04D25 /* NewsApiResponse.swift in Sources */ = {isa = PBXBuildFile; fileRef = C259CD7C2B8F8DCB00A04D25 /* NewsApiResponse.swift */; };
		C259CD7F2B8FAA2500A04D25 /* NetworkManager.swift in Sources */ = {isa = PBXBuildFile; fileRef = C259CD7E2B8FAA2500A04D25 /* NetworkManager.swift */; };
		C27BFCE12BA24D9900854D34 /* CategoryVC.swift in Sources */ = {isa = PBXBuildFile; fileRef = C27BFCE02BA24D9900854D34 /* CategoryVC.swift */; };
		C27BFCE32BA24E4F00854D34 /* CategoryCollectionViewCell.swift in Sources */ = {isa = PBXBuildFile; fileRef = C27BFCE22BA24E4F00854D34 /* CategoryCollectionViewCell.swift */; };
		C27BFCE52BA2594700854D34 /* Category.swift in Sources */ = {isa = PBXBuildFile; fileRef = C27BFCE42BA2594700854D34 /* Category.swift */; };
		C27BFCE72BA2598C00854D34 /* CategoryColor.swift in Sources */ = {isa = PBXBuildFile; fileRef = C27BFCE62BA2598C00854D34 /* CategoryColor.swift */; };
		C27BFCE92BA2605600854D34 /* CustomFlowLayout.swift in Sources */ = {isa = PBXBuildFile; fileRef = C27BFCE82BA2605600854D34 /* CustomFlowLayout.swift */; };
		C2ABBBD82BE685CD00BCF181 /* ViewModel.swift in Sources */ = {isa = PBXBuildFile; fileRef = C2ABBBD72BE685CD00BCF181 /* ViewModel.swift */; };
		C2B37B852BA77F1900126778 /* HeadlinesVC.swift in Sources */ = {isa = PBXBuildFile; fileRef = C2B37B842BA77F1900126778 /* HeadlinesVC.swift */; };
		C2B37B872BA77F6800126778 /* HeadlinesTableViewCell.swift in Sources */ = {isa = PBXBuildFile; fileRef = C2B37B862BA77F6800126778 /* HeadlinesTableViewCell.swift */; };
		C2FA7C442B31004A0067BBD9 /* AppDelegate.swift in Sources */ = {isa = PBXBuildFile; fileRef = C2FA7C432B31004A0067BBD9 /* AppDelegate.swift */; };
		C2FA7C462B31004A0067BBD9 /* SceneDelegate.swift in Sources */ = {isa = PBXBuildFile; fileRef = C2FA7C452B31004A0067BBD9 /* SceneDelegate.swift */; };
		C2FA7C4D2B31004B0067BBD9 /* Assets.xcassets in Resources */ = {isa = PBXBuildFile; fileRef = C2FA7C4C2B31004B0067BBD9 /* Assets.xcassets */; };
		C2FA7C502B31004B0067BBD9 /* LaunchScreen.storyboard in Resources */ = {isa = PBXBuildFile; fileRef = C2FA7C4E2B31004B0067BBD9 /* LaunchScreen.storyboard */; };
/* End PBXBuildFile section */

/* Begin PBXFileReference section */
		C208A1E12BC862790011AAD4 /* .gitignore */ = {isa = PBXFileReference; lastKnownFileType = text; path = .gitignore; sourceTree = "<group>"; };
		C233841F2B72D87300D1F7FC /* MainTabBarViewController.swift */ = {isa = PBXFileReference; lastKnownFileType = sourcecode.swift; path = MainTabBarViewController.swift; sourceTree = "<group>"; };
		C23469672BA8F42A004EEEFD /* Extensions.swift */ = {isa = PBXFileReference; lastKnownFileType = sourcecode.swift; path = Extensions.swift; sourceTree = "<group>"; };
		C259CD7C2B8F8DCB00A04D25 /* NewsApiResponse.swift */ = {isa = PBXFileReference; lastKnownFileType = sourcecode.swift; path = NewsApiResponse.swift; sourceTree = "<group>"; };
		C259CD7E2B8FAA2500A04D25 /* NetworkManager.swift */ = {isa = PBXFileReference; lastKnownFileType = sourcecode.swift; path = NetworkManager.swift; sourceTree = "<group>"; };
		C27BFCE02BA24D9900854D34 /* CategoryVC.swift */ = {isa = PBXFileReference; lastKnownFileType = sourcecode.swift; path = CategoryVC.swift; sourceTree = "<group>"; };
		C27BFCE22BA24E4F00854D34 /* CategoryCollectionViewCell.swift */ = {isa = PBXFileReference; lastKnownFileType = sourcecode.swift; path = CategoryCollectionViewCell.swift; sourceTree = "<group>"; };
		C27BFCE42BA2594700854D34 /* Category.swift */ = {isa = PBXFileReference; lastKnownFileType = sourcecode.swift; path = Category.swift; sourceTree = "<group>"; };
		C27BFCE62BA2598C00854D34 /* CategoryColor.swift */ = {isa = PBXFileReference; lastKnownFileType = sourcecode.swift; path = CategoryColor.swift; sourceTree = "<group>"; };
		C27BFCE82BA2605600854D34 /* CustomFlowLayout.swift */ = {isa = PBXFileReference; lastKnownFileType = sourcecode.swift; path = CustomFlowLayout.swift; sourceTree = "<group>"; };
		C2ABBBD72BE685CD00BCF181 /* ViewModel.swift */ = {isa = PBXFileReference; lastKnownFileType = sourcecode.swift; path = ViewModel.swift; sourceTree = "<group>"; };
		C2B37B842BA77F1900126778 /* HeadlinesVC.swift */ = {isa = PBXFileReference; lastKnownFileType = sourcecode.swift; path = HeadlinesVC.swift; sourceTree = "<group>"; };
		C2B37B862BA77F6800126778 /* HeadlinesTableViewCell.swift */ = {isa = PBXFileReference; lastKnownFileType = sourcecode.swift; path = HeadlinesTableViewCell.swift; sourceTree = "<group>"; };
		C2FA7C402B31004A0067BBD9 /* News.app */ = {isa = PBXFileReference; explicitFileType = wrapper.application; includeInIndex = 0; path = News.app; sourceTree = BUILT_PRODUCTS_DIR; };
		C2FA7C432B31004A0067BBD9 /* AppDelegate.swift */ = {isa = PBXFileReference; lastKnownFileType = sourcecode.swift; path = AppDelegate.swift; sourceTree = "<group>"; };
		C2FA7C452B31004A0067BBD9 /* SceneDelegate.swift */ = {isa = PBXFileReference; lastKnownFileType = sourcecode.swift; path = SceneDelegate.swift; sourceTree = "<group>"; };
		C2FA7C4C2B31004B0067BBD9 /* Assets.xcassets */ = {isa = PBXFileReference; lastKnownFileType = folder.assetcatalog; path = Assets.xcassets; sourceTree = "<group>"; };
		C2FA7C4F2B31004B0067BBD9 /* Base */ = {isa = PBXFileReference; lastKnownFileType = file.storyboard; name = Base; path = Base.lproj/LaunchScreen.storyboard; sourceTree = "<group>"; };
		C2FA7C512B31004B0067BBD9 /* Info.plist */ = {isa = PBXFileReference; lastKnownFileType = text.plist.xml; path = Info.plist; sourceTree = "<group>"; };
/* End PBXFileReference section */

/* Begin PBXFrameworksBuildPhase section */
		C2FA7C3D2B31004A0067BBD9 /* Frameworks */ = {
			isa = PBXFrameworksBuildPhase;
			buildActionMask = 2147483647;
			files = (
			);
			runOnlyForDeploymentPostprocessing = 0;
		};
/* End PBXFrameworksBuildPhase section */

/* Begin PBXGroup section */
		C259CD802B8FB76E00A04D25 /* Model */ = {
			isa = PBXGroup;
			children = (
				C2ABBBD72BE685CD00BCF181 /* ViewModel.swift */,
				C259CD7C2B8F8DCB00A04D25 /* NewsApiResponse.swift */,
				C27BFCE42BA2594700854D34 /* Category.swift */,
				C27BFCE62BA2598C00854D34 /* CategoryColor.swift */,
			);
			path = Model;
			sourceTree = "<group>";
		};
		C259CD812B8FB78F00A04D25 /* Network */ = {
			isa = PBXGroup;
			children = (
				C259CD7E2B8FAA2500A04D25 /* NetworkManager.swift */,
			);
			path = Network;
			sourceTree = "<group>";
		};
		C2E8D7902BAF5C8800EE5241 /* CategoryVC */ = {
			isa = PBXGroup;
			children = (
				C27BFCE02BA24D9900854D34 /* CategoryVC.swift */,
				C27BFCE22BA24E4F00854D34 /* CategoryCollectionViewCell.swift */,
				C27BFCE82BA2605600854D34 /* CustomFlowLayout.swift */,
			);
			path = CategoryVC;
			sourceTree = "<group>";
		};
		C2E8D7912BAF5C9B00EE5241 /* HeadlinesVC */ = {
			isa = PBXGroup;
			children = (
				C2B37B842BA77F1900126778 /* HeadlinesVC.swift */,
				C2B37B862BA77F6800126778 /* HeadlinesTableViewCell.swift */,
			);
			path = HeadlinesVC;
			sourceTree = "<group>";
		};
		C2FA7C372B31004A0067BBD9 = {
			isa = PBXGroup;
			children = (
				C208A1E12BC862790011AAD4 /* .gitignore */,
				C2FA7C422B31004A0067BBD9 /* News */,
				C2FA7C412B31004A0067BBD9 /* Products */,
			);
			sourceTree = "<group>";
		};
		C2FA7C412B31004A0067BBD9 /* Products */ = {
			isa = PBXGroup;
			children = (
				C2FA7C402B31004A0067BBD9 /* News.app */,
			);
			name = Products;
			sourceTree = "<group>";
		};
		C2FA7C422B31004A0067BBD9 /* News */ = {
			isa = PBXGroup;
			children = (
				C259CD812B8FB78F00A04D25 /* Network */,
				C259CD802B8FB76E00A04D25 /* Model */,
				C2E8D7902BAF5C8800EE5241 /* CategoryVC */,
				C2E8D7912BAF5C9B00EE5241 /* HeadlinesVC */,
				C233841F2B72D87300D1F7FC /* MainTabBarViewController.swift */,
				C2FA7C432B31004A0067BBD9 /* AppDelegate.swift */,
				C2FA7C452B31004A0067BBD9 /* SceneDelegate.swift */,
				C23469672BA8F42A004EEEFD /* Extensions.swift */,
				C2FA7C4C2B31004B0067BBD9 /* Assets.xcassets */,
				C2FA7C4E2B31004B0067BBD9 /* LaunchScreen.storyboard */,
				C2FA7C512B31004B0067BBD9 /* Info.plist */,
			);
			path = News;
			sourceTree = "<group>";
		};
/* End PBXGroup section */

/* Begin PBXNativeTarget section */
		C2FA7C3F2B31004A0067BBD9 /* News */ = {
			isa = PBXNativeTarget;
			buildConfigurationList = C2FA7C542B31004B0067BBD9 /* Build configuration list for PBXNativeTarget "News" */;
			buildPhases = (
				C2FA7C3C2B31004A0067BBD9 /* Sources */,
				C2FA7C3D2B31004A0067BBD9 /* Frameworks */,
				C2FA7C3E2B31004A0067BBD9 /* Resources */,
			);
			buildRules = (
			);
			dependencies = (
			);
			name = News;
			packageProductDependencies = (
			);
			productName = News;
			productReference = C2FA7C402B31004A0067BBD9 /* News.app */;
			productType = "com.apple.product-type.application";
		};
/* End PBXNativeTarget section */

/* Begin PBXProject section */
		C2FA7C382B31004A0067BBD9 /* Project object */ = {
			isa = PBXProject;
			attributes = {
				BuildIndependentTargetsInParallel = 1;
				LastSwiftUpdateCheck = 1420;
				LastUpgradeCheck = 1520;
				TargetAttributes = {
					C2FA7C3F2B31004A0067BBD9 = {
						CreatedOnToolsVersion = 14.2;
					};
				};
			};
			buildConfigurationList = C2FA7C3B2B31004A0067BBD9 /* Build configuration list for PBXProject "News" */;
			compatibilityVersion = "Xcode 14.0";
			developmentRegion = en;
			hasScannedForEncodings = 0;
			knownRegions = (
				en,
				Base,
			);
			mainGroup = C2FA7C372B31004A0067BBD9;
			packageReferences = (
			);
			productRefGroup = C2FA7C412B31004A0067BBD9 /* Products */;
			projectDirPath = "";
			projectRoot = "";
			targets = (
				C2FA7C3F2B31004A0067BBD9 /* News */,
			);
		};
/* End PBXProject section */

/* Begin PBXResourcesBuildPhase section */
		C2FA7C3E2B31004A0067BBD9 /* Resources */ = {
			isa = PBXResourcesBuildPhase;
			buildActionMask = 2147483647;
			files = (
				C2FA7C502B31004B0067BBD9 /* LaunchScreen.storyboard in Resources */,
				C208A1E22BC862790011AAD4 /* .gitignore in Resources */,
				C2FA7C4D2B31004B0067BBD9 /* Assets.xcassets in Resources */,
			);
			runOnlyForDeploymentPostprocessing = 0;
		};
/* End PBXResourcesBuildPhase section */

/* Begin PBXSourcesBuildPhase section */
		C2FA7C3C2B31004A0067BBD9 /* Sources */ = {
			isa = PBXSourcesBuildPhase;
			buildActionMask = 2147483647;
			files = (
				C27BFCE72BA2598C00854D34 /* CategoryColor.swift in Sources */,
				C27BFCE12BA24D9900854D34 /* CategoryVC.swift in Sources */,
				C23384202B72D87300D1F7FC /* MainTabBarViewController.swift in Sources */,
				C2FA7C442B31004A0067BBD9 /* AppDelegate.swift in Sources */,
				C259CD7F2B8FAA2500A04D25 /* NetworkManager.swift in Sources */,
				C27BFCE92BA2605600854D34 /* CustomFlowLayout.swift in Sources */,
				C2ABBBD82BE685CD00BCF181 /* ViewModel.swift in Sources */,
				C2B37B872BA77F6800126778 /* HeadlinesTableViewCell.swift in Sources */,
				C259CD7D2B8F8DCB00A04D25 /* NewsApiResponse.swift in Sources */,
				C27BFCE32BA24E4F00854D34 /* CategoryCollectionViewCell.swift in Sources */,
				C2FA7C462B31004A0067BBD9 /* SceneDelegate.swift in Sources */,
				C2B37B852BA77F1900126778 /* HeadlinesVC.swift in Sources */,
				C23469682BA8F42A004EEEFD /* Extensions.swift in Sources */,
				C27BFCE52BA2594700854D34 /* Category.swift in Sources */,
			);
			runOnlyForDeploymentPostprocessing = 0;
		};
/* End PBXSourcesBuildPhase section */

/* Begin PBXVariantGroup section */
		C2FA7C4E2B31004B0067BBD9 /* LaunchScreen.storyboard */ = {
			isa = PBXVariantGroup;
			children = (
				C2FA7C4F2B31004B0067BBD9 /* Base */,
			);
			name = LaunchScreen.storyboard;
			sourceTree = "<group>";
		};
/* End PBXVariantGroup section */

/* Begin XCBuildConfiguration section */
		C2FA7C522B31004B0067BBD9 /* Debug */ = {
			isa = XCBuildConfiguration;
			buildSettings = {
				ALWAYS_SEARCH_USER_PATHS = NO;
				ASSETCATALOG_COMPILER_GENERATE_SWIFT_ASSET_SYMBOL_EXTENSIONS = YES;
				CLANG_ANALYZER_NONNULL = YES;
				CLANG_ANALYZER_NUMBER_OBJECT_CONVERSION = YES_AGGRESSIVE;
				CLANG_CXX_LANGUAGE_STANDARD = "gnu++20";
				CLANG_ENABLE_MODULES = YES;
				CLANG_ENABLE_OBJC_ARC = YES;
				CLANG_ENABLE_OBJC_WEAK = YES;
				CLANG_WARN_BLOCK_CAPTURE_AUTORELEASING = YES;
				CLANG_WARN_BOOL_CONVERSION = YES;
				CLANG_WARN_COMMA = YES;
				CLANG_WARN_CONSTANT_CONVERSION = YES;
				CLANG_WARN_DEPRECATED_OBJC_IMPLEMENTATIONS = YES;
				CLANG_WARN_DIRECT_OBJC_ISA_USAGE = YES_ERROR;
				CLANG_WARN_DOCUMENTATION_COMMENTS = YES;
				CLANG_WARN_EMPTY_BODY = YES;
				CLANG_WARN_ENUM_CONVERSION = YES;
				CLANG_WARN_INFINITE_RECURSION = YES;
				CLANG_WARN_INT_CONVERSION = YES;
				CLANG_WARN_NON_LITERAL_NULL_CONVERSION = YES;
				CLANG_WARN_OBJC_IMPLICIT_RETAIN_SELF = YES;
				CLANG_WARN_OBJC_LITERAL_CONVERSION = YES;
				CLANG_WARN_OBJC_ROOT_CLASS = YES_ERROR;
				CLANG_WARN_QUOTED_INCLUDE_IN_FRAMEWORK_HEADER = YES;
				CLANG_WARN_RANGE_LOOP_ANALYSIS = YES;
				CLANG_WARN_STRICT_PROTOTYPES = YES;
				CLANG_WARN_SUSPICIOUS_MOVE = YES;
				CLANG_WARN_UNGUARDED_AVAILABILITY = YES_AGGRESSIVE;
				CLANG_WARN_UNREACHABLE_CODE = YES;
				CLANG_WARN__DUPLICATE_METHOD_MATCH = YES;
				COPY_PHASE_STRIP = NO;
				DEBUG_INFORMATION_FORMAT = dwarf;
				ENABLE_STRICT_OBJC_MSGSEND = YES;
				ENABLE_TESTABILITY = YES;
				ENABLE_USER_SCRIPT_SANDBOXING = YES;
				GCC_C_LANGUAGE_STANDARD = gnu11;
				GCC_DYNAMIC_NO_PIC = NO;
				GCC_NO_COMMON_BLOCKS = YES;
				GCC_OPTIMIZATION_LEVEL = 0;
				GCC_PREPROCESSOR_DEFINITIONS = (
					"DEBUG=1",
					"$(inherited)",
				);
				GCC_WARN_64_TO_32_BIT_CONVERSION = YES;
				GCC_WARN_ABOUT_RETURN_TYPE = YES_ERROR;
				GCC_WARN_UNDECLARED_SELECTOR = YES;
				GCC_WARN_UNINITIALIZED_AUTOS = YES_AGGRESSIVE;
				GCC_WARN_UNUSED_FUNCTION = YES;
				GCC_WARN_UNUSED_VARIABLE = YES;
				IPHONEOS_DEPLOYMENT_TARGET = 16.2;
				MTL_ENABLE_DEBUG_INFO = INCLUDE_SOURCE;
				MTL_FAST_MATH = YES;
				ONLY_ACTIVE_ARCH = YES;
				SDKROOT = iphoneos;
				SWIFT_ACTIVE_COMPILATION_CONDITIONS = DEBUG;
				SWIFT_OPTIMIZATION_LEVEL = "-Onone";
			};
			name = Debug;
		};
		C2FA7C532B31004B0067BBD9 /* Release */ = {
			isa = XCBuildConfiguration;
			buildSettings = {
				ALWAYS_SEARCH_USER_PATHS = NO;
				ASSETCATALOG_COMPILER_GENERATE_SWIFT_ASSET_SYMBOL_EXTENSIONS = YES;
				CLANG_ANALYZER_NONNULL = YES;
				CLANG_ANALYZER_NUMBER_OBJECT_CONVERSION = YES_AGGRESSIVE;
				CLANG_CXX_LANGUAGE_STANDARD = "gnu++20";
				CLANG_ENABLE_MODULES = YES;
				CLANG_ENABLE_OBJC_ARC = YES;
				CLANG_ENABLE_OBJC_WEAK = YES;
				CLANG_WARN_BLOCK_CAPTURE_AUTORELEASING = YES;
				CLANG_WARN_BOOL_CONVERSION = YES;
				CLANG_WARN_COMMA = YES;
				CLANG_WARN_CONSTANT_CONVERSION = YES;
				CLANG_WARN_DEPRECATED_OBJC_IMPLEMENTATIONS = YES;
				CLANG_WARN_DIRECT_OBJC_ISA_USAGE = YES_ERROR;
				CLANG_WARN_DOCUMENTATION_COMMENTS = YES;
				CLANG_WARN_EMPTY_BODY = YES;
				CLANG_WARN_ENUM_CONVERSION = YES;
				CLANG_WARN_INFINITE_RECURSION = YES;
				CLANG_WARN_INT_CONVERSION = YES;
				CLANG_WARN_NON_LITERAL_NULL_CONVERSION = YES;
				CLANG_WARN_OBJC_IMPLICIT_RETAIN_SELF = YES;
				CLANG_WARN_OBJC_LITERAL_CONVERSION = YES;
				CLANG_WARN_OBJC_ROOT_CLASS = YES_ERROR;
				CLANG_WARN_QUOTED_INCLUDE_IN_FRAMEWORK_HEADER = YES;
				CLANG_WARN_RANGE_LOOP_ANALYSIS = YES;
				CLANG_WARN_STRICT_PROTOTYPES = YES;
				CLANG_WARN_SUSPICIOUS_MOVE = YES;
				CLANG_WARN_UNGUARDED_AVAILABILITY = YES_AGGRESSIVE;
				CLANG_WARN_UNREACHABLE_CODE = YES;
				CLANG_WARN__DUPLICATE_METHOD_MATCH = YES;
				COPY_PHASE_STRIP = NO;
				DEBUG_INFORMATION_FORMAT = "dwarf-with-dsym";
				ENABLE_NS_ASSERTIONS = NO;
				ENABLE_STRICT_OBJC_MSGSEND = YES;
				ENABLE_USER_SCRIPT_SANDBOXING = YES;
				GCC_C_LANGUAGE_STANDARD = gnu11;
				GCC_NO_COMMON_BLOCKS = YES;
				GCC_WARN_64_TO_32_BIT_CONVERSION = YES;
				GCC_WARN_ABOUT_RETURN_TYPE = YES_ERROR;
				GCC_WARN_UNDECLARED_SELECTOR = YES;
				GCC_WARN_UNINITIALIZED_AUTOS = YES_AGGRESSIVE;
				GCC_WARN_UNUSED_FUNCTION = YES;
				GCC_WARN_UNUSED_VARIABLE = YES;
				IPHONEOS_DEPLOYMENT_TARGET = 16.2;
				MTL_ENABLE_DEBUG_INFO = NO;
				MTL_FAST_MATH = YES;
				SDKROOT = iphoneos;
				SWIFT_COMPILATION_MODE = wholemodule;
				SWIFT_OPTIMIZATION_LEVEL = "-O";
				VALIDATE_PRODUCT = YES;
			};
			name = Release;
		};
		C2FA7C552B31004B0067BBD9 /* Debug */ = {
			isa = XCBuildConfiguration;
			buildSettings = {
				ASSETCATALOG_COMPILER_APPICON_NAME = AppIcon;
				ASSETCATALOG_COMPILER_GLOBAL_ACCENT_COLOR_NAME = AccentColor;
				CODE_SIGN_STYLE = Automatic;
				CURRENT_PROJECT_VERSION = 1;
				DEVELOPMENT_TEAM = H36896642J;
				GENERATE_INFOPLIST_FILE = YES;
				INFOPLIST_FILE = News/Info.plist;
				INFOPLIST_KEY_UIApplicationSupportsIndirectInputEvents = YES;
				INFOPLIST_KEY_UILaunchStoryboardName = "";
				INFOPLIST_KEY_UISupportedInterfaceOrientations = UIInterfaceOrientationPortrait;
				LD_RUNPATH_SEARCH_PATHS = (
					"$(inherited)",
					"@executable_path/Frameworks",
				);
				MARKETING_VERSION = 1.0;
				PRODUCT_BUNDLE_IDENTIFIER = com.AndriiStetsenko.News;
				PRODUCT_NAME = "$(TARGET_NAME)";
				SWIFT_EMIT_LOC_STRINGS = YES;
				SWIFT_VERSION = 5.0;
				TARGETED_DEVICE_FAMILY = "1,2";
			};
			name = Debug;
		};
		C2FA7C562B31004B0067BBD9 /* Release */ = {
			isa = XCBuildConfiguration;
			buildSettings = {
				ASSETCATALOG_COMPILER_APPICON_NAME = AppIcon;
				ASSETCATALOG_COMPILER_GLOBAL_ACCENT_COLOR_NAME = AccentColor;
				CODE_SIGN_STYLE = Automatic;
				CURRENT_PROJECT_VERSION = 1;
				DEVELOPMENT_TEAM = H36896642J;
				GENERATE_INFOPLIST_FILE = YES;
				INFOPLIST_FILE = News/Info.plist;
				INFOPLIST_KEY_UIApplicationSupportsIndirectInputEvents = YES;
				INFOPLIST_KEY_UILaunchStoryboardName = "";
				INFOPLIST_KEY_UISupportedInterfaceOrientations = UIInterfaceOrientationPortrait;
				LD_RUNPATH_SEARCH_PATHS = (
					"$(inherited)",
					"@executable_path/Frameworks",
				);
				MARKETING_VERSION = 1.0;
				PRODUCT_BUNDLE_IDENTIFIER = com.AndriiStetsenko.News;
				PRODUCT_NAME = "$(TARGET_NAME)";
				SWIFT_EMIT_LOC_STRINGS = YES;
				SWIFT_VERSION = 5.0;
				TARGETED_DEVICE_FAMILY = "1,2";
			};
			name = Release;
		};
/* End XCBuildConfiguration section */

/* Begin XCConfigurationList section */
		C2FA7C3B2B31004A0067BBD9 /* Build configuration list for PBXProject "News" */ = {
			isa = XCConfigurationList;
			buildConfigurations = (
				C2FA7C522B31004B0067BBD9 /* Debug */,
				C2FA7C532B31004B0067BBD9 /* Release */,
			);
			defaultConfigurationIsVisible = 0;
			defaultConfigurationName = Release;
		};
		C2FA7C542B31004B0067BBD9 /* Build configuration list for PBXNativeTarget "News" */ = {
			isa = XCConfigurationList;
			buildConfigurations = (
				C2FA7C552B31004B0067BBD9 /* Debug */,
				C2FA7C562B31004B0067BBD9 /* Release */,
			);
			defaultConfigurationIsVisible = 0;
			defaultConfigurationName = Release;
		};
/* End XCConfigurationList section */
	};
	rootObject = C2FA7C382B31004A0067BBD9 /* Project object */;
}
